
Microsoft Visual Studio Solution File, Format Version 12.00
# Visual Studio Version 16
VisualStudioVersion = 16.0.29613.14
MinimumVisualStudioVersion = 10.0.40219.1
Project("{FAE04EC0-301F-11D3-BF4B-00C04F79EFBC}") = "SolarPanels", "SolarPanels\SolarPanels.csproj", "{899BCCAF-2B28-41B1-AE2B-0E7BDEA01C90}"
EndProject
Global
	GlobalSection(SolutionConfigurationPlatforms) = preSolution
		Debug|Any CPU = Debug|Any CPU
		Release|Any CPU = Release|Any CPU
	EndGlobalSection
	GlobalSection(ProjectConfigurationPlatforms) = postSolution
		{899BCCAF-2B28-41B1-AE2B-0E7BDEA01C90}.Debug|Any CPU.ActiveCfg = Debug|Any CPU
		{899BCCAF-2B28-41B1-AE2B-0E7BDEA01C90}.Debug|Any CPU.Build.0 = Debug|Any CPU
		{899BCCAF-2B28-41B1-AE2B-0E7BDEA01C90}.Release|Any CPU.ActiveCfg = Release|Any CPU
		{899BCCAF-2B28-41B1-AE2B-0E7BDEA01C90}.Release|Any CPU.Build.0 = Release|Any CPU
	EndGlobalSection
	GlobalSection(SolutionProperties) = preSolution
		HideSolutionNode = FALSE
	EndGlobalSection
	GlobalSection(ExtensibilityGlobals) = postSolution
		SolutionGuid = {689F0B7B-A67A-4BCA-89B8-11AB8D27B108}
	EndGlobalSection
EndGlobal
